// !$*UTF8*$!
{
	archiveVersion = 1;
	classes = {
	};
	objectVersion = 55;
	objects = {

/* Begin PBXBuildFile section */
		AA2279E127DF76460042564F /* Lab1AppApp.swift in Sources */ = {isa = PBXBuildFile; fileRef = AA2279E027DF76460042564F /* Lab1AppApp.swift */; };
		AA2279E327DF76460042564F /* ContentView.swift in Sources */ = {isa = PBXBuildFile; fileRef = AA2279E227DF76460042564F /* ContentView.swift */; };
		AA2279E527DF76470042564F /* Assets.xcassets in Resources */ = {isa = PBXBuildFile; fileRef = AA2279E427DF76470042564F /* Assets.xcassets */; };
		AA2279E827DF76470042564F /* Preview Assets.xcassets in Resources */ = {isa = PBXBuildFile; fileRef = AA2279E727DF76470042564F /* Preview Assets.xcassets */; };
		AA2279F227DF76470042564F /* Lab1AppTests.swift in Sources */ = {isa = PBXBuildFile; fileRef = AA2279F127DF76470042564F /* Lab1AppTests.swift */; };
		AA2279FC27DF76470042564F /* Lab1AppUITests.swift in Sources */ = {isa = PBXBuildFile; fileRef = AA2279FB27DF76470042564F /* Lab1AppUITests.swift */; };
		AA2279FE27DF76470042564F /* Lab1AppUITestsLaunchTests.swift in Sources */ = {isa = PBXBuildFile; fileRef = AA2279FD27DF76470042564F /* Lab1AppUITestsLaunchTests.swift */; };
/* End PBXBuildFile section */

/* Begin PBXContainerItemProxy section */
		AA2279EE27DF76470042564F /* PBXContainerItemProxy */ = {
			isa = PBXContainerItemProxy;
			containerPortal = AA2279D527DF76460042564F /* Project object */;
			proxyType = 1;
			remoteGlobalIDString = AA2279DC27DF76460042564F;
			remoteInfo = Lab1App;
		};
		AA2279F827DF76470042564F /* PBXContainerItemProxy */ = {
			isa = PBXContainerItemProxy;
			containerPortal = AA2279D527DF76460042564F /* Project object */;
			proxyType = 1;
			remoteGlobalIDString = AA2279DC27DF76460042564F;
			remoteInfo = Lab1App;
		};
/* End PBXContainerItemProxy section */

/* Begin PBXFileReference section */
		AA2279DD27DF76460042564F /* Lab1App.app */ = {isa = PBXFileReference; explicitFileType = wrapper.application; includeInIndex = 0; path = Lab1App.app; sourceTree = BUILT_PRODUCTS_DIR; };
		AA2279E027DF76460042564F /* Lab1AppApp.swift */ = {isa = PBXFileReference; lastKnownFileType = sourcecode.swift; path = Lab1AppApp.swift; sourceTree = "<group>"; };
		AA2279E227DF76460042564F /* ContentView.swift */ = {isa = PBXFileReference; lastKnownFileType = sourcecode.swift; path = ContentView.swift; sourceTree = "<group>"; };
		AA2279E427DF76470042564F /* Assets.xcassets */ = {isa = PBXFileReference; lastKnownFileType = folder.assetcatalog; path = Assets.xcassets; sourceTree = "<group>"; };
		AA2279E727DF76470042564F /* Preview Assets.xcassets */ = {isa = PBXFileReference; lastKnownFileType = folder.assetcatalog; path = "Preview Assets.xcassets"; sourceTree = "<group>"; };
		AA2279ED27DF76470042564F /* Lab1AppTests.xctest */ = {isa = PBXFileReference; explicitFileType = wrapper.cfbundle; includeInIndex = 0; path = Lab1AppTests.xctest; sourceTree = BUILT_PRODUCTS_DIR; };
		AA2279F127DF76470042564F /* Lab1AppTests.swift */ = {isa = PBXFileReference; lastKnownFileType = sourcecode.swift; path = Lab1AppTests.swift; sourceTree = "<group>"; };
		AA2279F727DF76470042564F /* Lab1AppUITests.xctest */ = {isa = PBXFileReference; explicitFileType = wrapper.cfbundle; includeInIndex = 0; path = Lab1AppUITests.xctest; sourceTree = BUILT_PRODUCTS_DIR; };
		AA2279FB27DF76470042564F /* Lab1AppUITests.swift */ = {isa = PBXFileReference; lastKnownFileType = sourcecode.swift; path = Lab1AppUITests.swift; sourceTree = "<group>"; };
		AA2279FD27DF76470042564F /* Lab1AppUITestsLaunchTests.swift */ = {isa = PBXFileReference; lastKnownFileType = sourcecode.swift; path = Lab1AppUITestsLaunchTests.swift; sourceTree = "<group>"; };
/* End PBXFileReference section */

/* Begin PBXFrameworksBuildPhase section */
		AA2279DA27DF76460042564F /* Frameworks */ = {
			isa = PBXFrameworksBuildPhase;
			buildActionMask = 2147483647;
			files = (
			);
			runOnlyForDeploymentPostprocessing = 0;
		};
		AA2279EA27DF76470042564F /* Frameworks */ = {
			isa = PBXFrameworksBuildPhase;
			buildActionMask = 2147483647;
			files = (
			);
			runOnlyForDeploymentPostprocessing = 0;
		};
		AA2279F427DF76470042564F /* Frameworks */ = {
			isa = PBXFrameworksBuildPhase;
			buildActionMask = 2147483647;
			files = (
			);
			runOnlyForDeploymentPostprocessing = 0;
		};
/* End PBXFrameworksBuildPhase section */

/* Begin PBXGroup section */
		AA2279D427DF76460042564F = {
			isa = PBXGroup;
			children = (
				AA2279DF27DF76460042564F /* Lab1App */,
				AA2279F027DF76470042564F /* Lab1AppTests */,
				AA2279FA27DF76470042564F /* Lab1AppUITests */,
				AA2279DE27DF76460042564F /* Products */,
			);
			sourceTree = "<group>";
		};
		AA2279DE27DF76460042564F /* Products */ = {
			isa = PBXGroup;
			children = (
				AA2279DD27DF76460042564F /* Lab1App.app */,
				AA2279ED27DF76470042564F /* Lab1AppTests.xctest */,
				AA2279F727DF76470042564F /* Lab1AppUITests.xctest */,
			);
			name = Products;
			sourceTree = "<group>";
		};
		AA2279DF27DF76460042564F /* Lab1App */ = {
			isa = PBXGroup;
			children = (
				AA2279E027DF76460042564F /* Lab1AppApp.swift */,
				AA2279E227DF76460042564F /* ContentView.swift */,
				AA2279E427DF76470042564F /* Assets.xcassets */,
				AA2279E627DF76470042564F /* Preview Content */,
			);
			path = Lab1App;
			sourceTree = "<group>";
		};
		AA2279E627DF76470042564F /* Preview Content */ = {
			isa = PBXGroup;
			children = (
				AA2279E727DF76470042564F /* Preview Assets.xcassets */,
			);
			path = "Preview Content";
			sourceTree = "<group>";
		};
		AA2279F027DF76470042564F /* Lab1AppTests */ = {
			isa = PBXGroup;
			children = (
				AA2279F127DF76470042564F /* Lab1AppTests.swift */,
			);
			path = Lab1AppTests;
			sourceTree = "<group>";
		};
		AA2279FA27DF76470042564F /* Lab1AppUITests */ = {
			isa = PBXGroup;
			children = (
				AA2279FB27DF76470042564F /* Lab1AppUITests.swift */,
				AA2279FD27DF76470042564F /* Lab1AppUITestsLaunchTests.swift */,
			);
			path = Lab1AppUITests;
			sourceTree = "<group>";
		};
/* End PBXGroup section */

/* Begin PBXNativeTarget section */
		AA2279DC27DF76460042564F /* Lab1App */ = {
			isa = PBXNativeTarget;
			buildConfigurationList = AA227A0127DF76470042564F /* Build configuration list for PBXNativeTarget "Lab1App" */;
			buildPhases = (
				AA2279D927DF76460042564F /* Sources */,
				AA2279DA27DF76460042564F /* Frameworks */,
				AA2279DB27DF76460042564F /* Resources */,
			);
			buildRules = (
			);
			dependencies = (
			);
			name = Lab1App;
			productName = Lab1App;
			productReference = AA2279DD27DF76460042564F /* Lab1App.app */;
			productType = "com.apple.product-type.application";
		};
		AA2279EC27DF76470042564F /* Lab1AppTests */ = {
			isa = PBXNativeTarget;
			buildConfigurationList = AA227A0427DF76470042564F /* Build configuration list for PBXNativeTarget "Lab1AppTests" */;
			buildPhases = (
				AA2279E927DF76470042564F /* Sources */,
				AA2279EA27DF76470042564F /* Frameworks */,
				AA2279EB27DF76470042564F /* Resources */,
			);
			buildRules = (
			);
			dependencies = (
				AA2279EF27DF76470042564F /* PBXTargetDependency */,
			);
			name = Lab1AppTests;
			productName = Lab1AppTests;
			productReference = AA2279ED27DF76470042564F /* Lab1AppTests.xctest */;
			productType = "com.apple.product-type.bundle.unit-test";
		};
		AA2279F627DF76470042564F /* Lab1AppUITests */ = {
			isa = PBXNativeTarget;
			buildConfigurationList = AA227A0727DF76470042564F /* Build configuration list for PBXNativeTarget "Lab1AppUITests" */;
			buildPhases = (
				AA2279F327DF76470042564F /* Sources */,
				AA2279F427DF76470042564F /* Frameworks */,
				AA2279F527DF76470042564F /* Resources */,
			);
			buildRules = (
			);
			dependencies = (
				AA2279F927DF76470042564F /* PBXTargetDependency */,
			);
			name = Lab1AppUITests;
			productName = Lab1AppUITests;
			productReference = AA2279F727DF76470042564F /* Lab1AppUITests.xctest */;
			productType = "com.apple.product-type.bundle.ui-testing";
		};
/* End PBXNativeTarget section */

/* Begin PBXProject section */
		AA2279D527DF76460042564F /* Project object */ = {
			isa = PBXProject;
			attributes = {
				BuildIndependentTargetsInParallel = 1;
				LastSwiftUpdateCheck = 1320;
				LastUpgradeCheck = 1320;
				TargetAttributes = {
					AA2279DC27DF76460042564F = {
						CreatedOnToolsVersion = 13.2.1;
					};
					AA2279EC27DF76470042564F = {
						CreatedOnToolsVersion = 13.2.1;
						TestTargetID = AA2279DC27DF76460042564F;
					};
					AA2279F627DF76470042564F = {
						CreatedOnToolsVersion = 13.2.1;
						TestTargetID = AA2279DC27DF76460042564F;
					};
				};
			};
			buildConfigurationList = AA2279D827DF76460042564F /* Build configuration list for PBXProject "Lab1App" */;
			compatibilityVersion = "Xcode 13.0";
			developmentRegion = en;
			hasScannedForEncodings = 0;
			knownRegions = (
				en,
				Base,
			);
			mainGroup = AA2279D427DF76460042564F;
			productRefGroup = AA2279DE27DF76460042564F /* Products */;
			projectDirPath = "";
			projectRoot = "";
			targets = (
				AA2279DC27DF76460042564F /* Lab1App */,
				AA2279EC27DF76470042564F /* Lab1AppTests */,
				AA2279F627DF76470042564F /* Lab1AppUITests */,
			);
		};
/* End PBXProject section */

/* Begin PBXResourcesBuildPhase section */
		AA2279DB27DF76460042564F /* Resources */ = {
			isa = PBXResourcesBuildPhase;
			buildActionMask = 2147483647;
			files = (
				AA2279E827DF76470042564F /* Preview Assets.xcassets in Resources */,
				AA2279E527DF76470042564F /* Assets.xcassets in Resources */,
			);
			runOnlyForDeploymentPostprocessing = 0;
		};
		AA2279EB27DF76470042564F /* Resources */ = {
			isa = PBXResourcesBuildPhase;
			buildActionMask = 2147483647;
			files = (
			);
			runOnlyForDeploymentPostprocessing = 0;
		};
		AA2279F527DF76470042564F /* Resources */ = {
			isa = PBXResourcesBuildPhase;
			buildActionMask = 2147483647;
			files = (
			);
			runOnlyForDeploymentPostprocessing = 0;
		};
/* End PBXResourcesBuildPhase section */

/* Begin PBXSourcesBuildPhase section */
		AA2279D927DF76460042564F /* Sources */ = {
			isa = PBXSourcesBuildPhase;
			buildActionMask = 2147483647;
			files = (
				AA2279E327DF76460042564F /* ContentView.swift in Sources */,
				AA2279E127DF76460042564F /* Lab1AppApp.swift in Sources */,
			);
			runOnlyForDeploymentPostprocessing = 0;
		};
		AA2279E927DF76470042564F /* Sources */ = {
			isa = PBXSourcesBuildPhase;
			buildActionMask = 2147483647;
			files = (
				AA2279F227DF76470042564F /* Lab1AppTests.swift in Sources */,
			);
			runOnlyForDeploymentPostprocessing = 0;
		};
		AA2279F327DF76470042564F /* Sources */ = {
			isa = PBXSourcesBuildPhase;
			buildActionMask = 2147483647;
			files = (
				AA2279FE27DF76470042564F /* Lab1AppUITestsLaunchTests.swift in Sources */,
				AA2279FC27DF76470042564F /* Lab1AppUITests.swift in Sources */,
			);
			runOnlyForDeploymentPostprocessing = 0;
		};
/* End PBXSourcesBuildPhase section */

/* Begin PBXTargetDependency section */
		AA2279EF27DF76470042564F /* PBXTargetDependency */ = {
			isa = PBXTargetDependency;
			target = AA2279DC27DF76460042564F /* Lab1App */;
			targetProxy = AA2279EE27DF76470042564F /* PBXContainerItemProxy */;
		};
		AA2279F927DF76470042564F /* PBXTargetDependency */ = {
			isa = PBXTargetDependency;
			target = AA2279DC27DF76460042564F /* Lab1App */;
			targetProxy = AA2279F827DF76470042564F /* PBXContainerItemProxy */;
		};
/* End PBXTargetDependency section */

/* Begin XCBuildConfiguration section */
		AA2279FF27DF76470042564F /* Debug */ = {
			isa = XCBuildConfiguration;
			buildSettings = {
				ALWAYS_SEARCH_USER_PATHS = NO;
				CLANG_ANALYZER_NONNULL = YES;
				CLANG_ANALYZER_NUMBER_OBJECT_CONVERSION = YES_AGGRESSIVE;
				CLANG_CXX_LANGUAGE_STANDARD = "gnu++17";
				CLANG_CXX_LIBRARY = "libc++";
				CLANG_ENABLE_MODULES = YES;
				CLANG_ENABLE_OBJC_ARC = YES;
				CLANG_ENABLE_OBJC_WEAK = YES;
				CLANG_WARN_BLOCK_CAPTURE_AUTORELEASING = YES;
				CLANG_WARN_BOOL_CONVERSION = YES;
				CLANG_WARN_COMMA = YES;
				CLANG_WARN_CONSTANT_CONVERSION = YES;
				CLANG_WARN_DEPRECATED_OBJC_IMPLEMENTATIONS = YES;
				CLANG_WARN_DIRECT_OBJC_ISA_USAGE = YES_ERROR;
				CLANG_WARN_DOCUMENTATION_COMMENTS = YES;
				CLANG_WARN_EMPTY_BODY = YES;
				CLANG_WARN_ENUM_CONVERSION = YES;
				CLANG_WARN_INFINITE_RECURSION = YES;
				CLANG_WARN_INT_CONVERSION = YES;
				CLANG_WARN_NON_LITERAL_NULL_CONVERSION = YES;
				CLANG_WARN_OBJC_IMPLICIT_RETAIN_SELF = YES;
				CLANG_WARN_OBJC_LITERAL_CONVERSION = YES;
				CLANG_WARN_OBJC_ROOT_CLASS = YES_ERROR;
				CLANG_WARN_QUOTED_INCLUDE_IN_FRAMEWORK_HEADER = YES;
				CLANG_WARN_RANGE_LOOP_ANALYSIS = YES;
				CLANG_WARN_STRICT_PROTOTYPES = YES;
				CLANG_WARN_SUSPICIOUS_MOVE = YES;
				CLANG_WARN_UNGUARDED_AVAILABILITY = YES_AGGRESSIVE;
				CLANG_WARN_UNREACHABLE_CODE = YES;
				CLANG_WARN__DUPLICATE_METHOD_MATCH = YES;
				COPY_PHASE_STRIP = NO;
				DEBUG_INFORMATION_FORMAT = dwarf;
				ENABLE_STRICT_OBJC_MSGSEND = YES;
				ENABLE_TESTABILITY = YES;
				GCC_C_LANGUAGE_STANDARD = gnu11;
				GCC_DYNAMIC_NO_PIC = NO;
				GCC_NO_COMMON_BLOCKS = YES;
				GCC_OPTIMIZATION_LEVEL = 0;
				GCC_PREPROCESSOR_DEFINITIONS = (
					"DEBUG=1",
					"$(inherited)",
				);
				GCC_WARN_64_TO_32_BIT_CONVERSION = YES;
				GCC_WARN_ABOUT_RETURN_TYPE = YES_ERROR;
				GCC_WARN_UNDECLARED_SELECTOR = YES;
				GCC_WARN_UNINITIALIZED_AUTOS = YES_AGGRESSIVE;
				GCC_WARN_UNUSED_FUNCTION = YES;
				GCC_WARN_UNUSED_VARIABLE = YES;
				IPHONEOS_DEPLOYMENT_TARGET = 15.2;
				MTL_ENABLE_DEBUG_INFO = INCLUDE_SOURCE;
				MTL_FAST_MATH = YES;
				ONLY_ACTIVE_ARCH = YES;
				SDKROOT = iphoneos;
				SWIFT_ACTIVE_COMPILATION_CONDITIONS = DEBUG;
				SWIFT_OPTIMIZATION_LEVEL = "-Onone";
			};
			name = Debug;
		};
		AA227A0027DF76470042564F /* Release */ = {
			isa = XCBuildConfiguration;
			buildSettings = {
				ALWAYS_SEARCH_USER_PATHS = NO;
				CLANG_ANALYZER_NONNULL = YES;
				CLANG_ANALYZER_NUMBER_OBJECT_CONVERSION = YES_AGGRESSIVE;
				CLANG_CXX_LANGUAGE_STANDARD = "gnu++17";
				CLANG_CXX_LIBRARY = "libc++";
				CLANG_ENABLE_MODULES = YES;
				CLANG_ENABLE_OBJC_ARC = YES;
				CLANG_ENABLE_OBJC_WEAK = YES;
				CLANG_WARN_BLOCK_CAPTURE_AUTORELEASING = YES;
				CLANG_WARN_BOOL_CONVERSION = YES;
				CLANG_WARN_COMMA = YES;
				CLANG_WARN_CONSTANT_CONVERSION = YES;
				CLANG_WARN_DEPRECATED_OBJC_IMPLEMENTATIONS = YES;
				CLANG_WARN_DIRECT_OBJC_ISA_USAGE = YES_ERROR;
				CLANG_WARN_DOCUMENTATION_COMMENTS = YES;
				CLANG_WARN_EMPTY_BODY = YES;
				CLANG_WARN_ENUM_CONVERSION = YES;
				CLANG_WARN_INFINITE_RECURSION = YES;
				CLANG_WARN_INT_CONVERSION = YES;
				CLANG_WARN_NON_LITERAL_NULL_CONVERSION = YES;
				CLANG_WARN_OBJC_IMPLICIT_RETAIN_SELF = YES;
				CLANG_WARN_OBJC_LITERAL_CONVERSION = YES;
				CLANG_WARN_OBJC_ROOT_CLASS = YES_ERROR;
				CLANG_WARN_QUOTED_INCLUDE_IN_FRAMEWORK_HEADER = YES;
				CLANG_WARN_RANGE_LOOP_ANALYSIS = YES;
				CLANG_WARN_STRICT_PROTOTYPES = YES;
				CLANG_WARN_SUSPICIOUS_MOVE = YES;
				CLANG_WARN_UNGUARDED_AVAILABILITY = YES_AGGRESSIVE;
				CLANG_WARN_UNREACHABLE_CODE = YES;
				CLANG_WARN__DUPLICATE_METHOD_MATCH = YES;
				COPY_PHASE_STRIP = NO;
				DEBUG_INFORMATION_FORMAT = "dwarf-with-dsym";
				ENABLE_NS_ASSERTIONS = NO;
				ENABLE_STRICT_OBJC_MSGSEND = YES;
				GCC_C_LANGUAGE_STANDARD = gnu11;
				GCC_NO_COMMON_BLOCKS = YES;
				GCC_WARN_64_TO_32_BIT_CONVERSION = YES;
				GCC_WARN_ABOUT_RETURN_TYPE = YES_ERROR;
				GCC_WARN_UNDECLARED_SELECTOR = YES;
				GCC_WARN_UNINITIALIZED_AUTOS = YES_AGGRESSIVE;
				GCC_WARN_UNUSED_FUNCTION = YES;
				GCC_WARN_UNUSED_VARIABLE = YES;
				IPHONEOS_DEPLOYMENT_TARGET = 15.2;
				MTL_ENABLE_DEBUG_INFO = NO;
				MTL_FAST_MATH = YES;
				SDKROOT = iphoneos;
				SWIFT_COMPILATION_MODE = wholemodule;
				SWIFT_OPTIMIZATION_LEVEL = "-O";
				VALIDATE_PRODUCT = YES;
			};
			name = Release;
		};
		AA227A0227DF76470042564F /* Debug */ = {
			isa = XCBuildConfiguration;
			buildSettings = {
				ASSETCATALOG_COMPILER_APPICON_NAME = AppIcon;
				ASSETCATALOG_COMPILER_GLOBAL_ACCENT_COLOR_NAME = AccentColor;
				CODE_SIGN_STYLE = Automatic;
				CURRENT_PROJECT_VERSION = 1;
				DEVELOPMENT_ASSET_PATHS = "\"Lab1App/Preview Content\"";
				DEVELOPMENT_TEAM = 68A5ZTXG99;
				ENABLE_PREVIEWS = YES;
				GENERATE_INFOPLIST_FILE = YES;
				INFOPLIST_KEY_UIApplicationSceneManifest_Generation = YES;
				INFOPLIST_KEY_UIApplicationSupportsIndirectInputEvents = YES;
				INFOPLIST_KEY_UILaunchScreen_Generation = YES;
				INFOPLIST_KEY_UISupportedInterfaceOrientations_iPad = "UIInterfaceOrientationPortrait UIInterfaceOrientationPortraitUpsideDown UIInterfaceOrientationLandscapeLeft UIInterfaceOrientationLandscapeRight";
				INFOPLIST_KEY_UISupportedInterfaceOrientations_iPhone = "UIInterfaceOrientationPortrait UIInterfaceOrientationLandscapeLeft UIInterfaceOrientationLandscapeRight";
				LD_RUNPATH_SEARCH_PATHS = (
					"$(inherited)",
					"@executable_path/Frameworks",
				);
				MARKETING_VERSION = 1.0;
				PRODUCT_BUNDLE_IDENTIFIER = au.edu.griffith.ict.prog.Lab1App;
				PRODUCT_NAME = "$(TARGET_NAME)";
				SWIFT_EMIT_LOC_STRINGS = YES;
				SWIFT_VERSION = 5.0;
				TARGETED_DEVICE_FAMILY = "1,2";
			};
			name = Debug;
		};
		AA227A0327DF76470042564F /* Release */ = {
			isa = XCBuildConfiguration;
			buildSettings = {
				ASSETCATALOG_COMPILER_APPICON_NAME = AppIcon;
				ASSETCATALOG_COMPILER_GLOBAL_ACCENT_COLOR_NAME = AccentColor;
				CODE_SIGN_STYLE = Automatic;
				CURRENT_PROJECT_VERSION = 1;
				DEVELOPMENT_ASSET_PATHS = "\"Lab1App/Preview Content\"";
				DEVELOPMENT_TEAM = 68A5ZTXG99;
				ENABLE_PREVIEWS = YES;
				GENERATE_INFOPLIST_FILE = YES;
				INFOPLIST_KEY_UIApplicationSceneManifest_Generation = YES;
				INFOPLIST_KEY_UIApplicationSupportsIndirectInputEvents = YES;
				INFOPLIST_KEY_UILaunchScreen_Generation = YES;
				INFOPLIST_KEY_UISupportedInterfaceOrientations_iPad = "UIInterfaceOrientationPortrait UIInterfaceOrientationPortraitUpsideDown UIInterfaceOrientationLandscapeLeft UIInterfaceOrientationLandscapeRight";
				INFOPLIST_KEY_UISupportedInterfaceOrientations_iPhone = "UIInterfaceOrientationPortrait UIInterfaceOrientationLandscapeLeft UIInterfaceOrientationLandscapeRight";
				LD_RUNPATH_SEARCH_PATHS = (
					"$(inherited)",
					"@executable_path/Frameworks",
				);
				MARKETING_VERSION = 1.0;
				PRODUCT_BUNDLE_IDENTIFIER = au.edu.griffith.ict.prog.Lab1App;
				PRODUCT_NAME = "$(TARGET_NAME)";
				SWIFT_EMIT_LOC_STRINGS = YES;
				SWIFT_VERSION = 5.0;
				TARGETED_DEVICE_FAMILY = "1,2";
			};
			name = Release;
		};
		AA227A0527DF76470042564F /* Debug */ = {
			isa = XCBuildConfiguration;
			buildSettings = {
				ALWAYS_EMBED_SWIFT_STANDARD_LIBRARIES = YES;
				BUNDLE_LOADER = "$(TEST_HOST)";
				CODE_SIGN_STYLE = Automatic;
				CURRENT_PROJECT_VERSION = 1;
				DEVELOPMENT_TEAM = 68A5ZTXG99;
				GENERATE_INFOPLIST_FILE = YES;
				IPHONEOS_DEPLOYMENT_TARGET = 15.2;
				MARKETING_VERSION = 1.0;
				PRODUCT_BUNDLE_IDENTIFIER = au.edu.griffith.ict.prog.Lab1AppTests;
				PRODUCT_NAME = "$(TARGET_NAME)";
				SWIFT_EMIT_LOC_STRINGS = NO;
				SWIFT_VERSION = 5.0;
				TARGETED_DEVICE_FAMILY = "1,2";
				TEST_HOST = "$(BUILT_PRODUCTS_DIR)/Lab1App.app/Lab1App";
			};
			name = Debug;
		};
		AA227A0627DF76470042564F /* Release */ = {
			isa = XCBuildConfiguration;
			buildSettings = {
				ALWAYS_EMBED_SWIFT_STANDARD_LIBRARIES = YES;
				BUNDLE_LOADER = "$(TEST_HOST)";
				CODE_SIGN_STYLE = Automatic;
				CURRENT_PROJECT_VERSION = 1;
				DEVELOPMENT_TEAM = 68A5ZTXG99;
				GENERATE_INFOPLIST_FILE = YES;
				IPHONEOS_DEPLOYMENT_TARGET = 15.2;
				MARKETING_VERSION = 1.0;
				PRODUCT_BUNDLE_IDENTIFIER = au.edu.griffith.ict.prog.Lab1AppTests;
				PRODUCT_NAME = "$(TARGET_NAME)";
				SWIFT_EMIT_LOC_STRINGS = NO;
				SWIFT_VERSION = 5.0;
				TARGETED_DEVICE_FAMILY = "1,2";
				TEST_HOST = "$(BUILT_PRODUCTS_DIR)/Lab1App.app/Lab1App";
			};
			name = Release;
		};
		AA227A0827DF76470042564F /* Debug */ = {
			isa = XCBuildConfiguration;
			buildSettings = {
				ALWAYS_EMBED_SWIFT_STANDARD_LIBRARIES = YES;
				CODE_SIGN_STYLE = Automatic;
				CURRENT_PROJECT_VERSION = 1;
				DEVELOPMENT_TEAM = 68A5ZTXG99;
				GENERATE_INFOPLIST_FILE = YES;
				MARKETING_VERSION = 1.0;
				PRODUCT_BUNDLE_IDENTIFIER = au.edu.griffith.ict.prog.Lab1AppUITests;
				PRODUCT_NAME = "$(TARGET_NAME)";
				SWIFT_EMIT_LOC_STRINGS = NO;
				SWIFT_VERSION = 5.0;
				TARGETED_DEVICE_FAMILY = "1,2";
				TEST_TARGET_NAME = Lab1App;
			};
			name = Debug;
		};
		AA227A0927DF76470042564F /* Release */ = {
			isa = XCBuildConfiguration;
			buildSettings = {
				ALWAYS_EMBED_SWIFT_STANDARD_LIBRARIES = YES;
				CODE_SIGN_STYLE = Automatic;
				CURRENT_PROJECT_VERSION = 1;
				DEVELOPMENT_TEAM = 68A5ZTXG99;
				GENERATE_INFOPLIST_FILE = YES;
				MARKETING_VERSION = 1.0;
				PRODUCT_BUNDLE_IDENTIFIER = au.edu.griffith.ict.prog.Lab1AppUITests;
				PRODUCT_NAME = "$(TARGET_NAME)";
				SWIFT_EMIT_LOC_STRINGS = NO;
				SWIFT_VERSION = 5.0;
				TARGETED_DEVICE_FAMILY = "1,2";
				TEST_TARGET_NAME = Lab1App;
			};
			name = Release;
		};
/* End XCBuildConfiguration section */

/* Begin XCConfigurationList section */
		AA2279D827DF76460042564F /* Build configuration list for PBXProject "Lab1App" */ = {
			isa = XCConfigurationList;
			buildConfigurations = (
				AA2279FF27DF76470042564F /* Debug */,
				AA227A0027DF76470042564F /* Release */,
			);
			defaultConfigurationIsVisible = 0;
			defaultConfigurationName = Release;
		};
		AA227A0127DF76470042564F /* Build configuration list for PBXNativeTarget "Lab1App" */ = {
			isa = XCConfigurationList;
			buildConfigurations = (
				AA227A0227DF76470042564F /* Debug */,
				AA227A0327DF76470042564F /* Release */,
			);
			defaultConfigurationIsVisible = 0;
			defaultConfigurationName = Release;
		};
		AA227A0427DF76470042564F /* Build configuration list for PBXNativeTarget "Lab1AppTests" */ = {
			isa = XCConfigurationList;
			buildConfigurations = (
				AA227A0527DF76470042564F /* Debug */,
				AA227A0627DF76470042564F /* Release */,
			);
			defaultConfigurationIsVisible = 0;
			defaultConfigurationName = Release;
		};
		AA227A0727DF76470042564F /* Build configuration list for PBXNativeTarget "Lab1AppUITests" */ = {
			isa = XCConfigurationList;
			buildConfigurations = (
				AA227A0827DF76470042564F /* Debug */,
				AA227A0927DF76470042564F /* Release */,
			);
			defaultConfigurationIsVisible = 0;
			defaultConfigurationName = Release;
		};
/* End XCConfigurationList section */
	};
	rootObject = AA2279D527DF76460042564F /* Project object */;
}
